
Microsoft Visual Studio Solution File, Format Version 12.00
# Visual Studio Version 17
VisualStudioVersion = 17.10.35013.160
MinimumVisualStudioVersion = 10.0.40219.1
Project("{FAE04EC0-301F-11D3-BF4B-00C04F79EFBC}") = "DataAccessLayer", "DataAccessLayer\DataAccessLayer.csproj", "{F565E31C-917B-44D6-B3F5-38BA9D1A87EA}"
EndProject
Project("{FAE04EC0-301F-11D3-BF4B-00C04F79EFBC}") = "BusinessLogicLayer", "BusinessLogicLayer\BusinessLogicLayer.csproj", "{7C62047E-F6F9-45D9-9AA9-6E1B498F1F2C}"
EndProject
Project("{FAE04EC0-301F-11D3-BF4B-00C04F79EFBC}") = "HomeHuntAPI", "HomeHuntAPI\HomeHuntAPI.csproj", "{53C244A3-F760-49B0-A00B-95C2E1105808}"
EndProject
Global
	GlobalSection(SolutionConfigurationPlatforms) = preSolution
		Debug|Any CPU = Debug|Any CPU
		Release|Any CPU = Release|Any CPU
	EndGlobalSection
	GlobalSection(ProjectConfigurationPlatforms) = postSolution
		{F565E31C-917B-44D6-B3F5-38BA9D1A87EA}.Debug|Any CPU.ActiveCfg = Debug|Any CPU
		{F565E31C-917B-44D6-B3F5-38BA9D1A87EA}.Debug|Any CPU.Build.0 = Debug|Any CPU
		{F565E31C-917B-44D6-B3F5-38BA9D1A87EA}.Release|Any CPU.ActiveCfg = Release|Any CPU
		{F565E31C-917B-44D6-B3F5-38BA9D1A87EA}.Release|Any CPU.Build.0 = Release|Any CPU
		{7C62047E-F6F9-45D9-9AA9-6E1B498F1F2C}.Debug|Any CPU.ActiveCfg = Debug|Any CPU
		{7C62047E-F6F9-45D9-9AA9-6E1B498F1F2C}.Debug|Any CPU.Build.0 = Debug|Any CPU
		{7C62047E-F6F9-45D9-9AA9-6E1B498F1F2C}.Release|Any CPU.ActiveCfg = Release|Any CPU
		{7C62047E-F6F9-45D9-9AA9-6E1B498F1F2C}.Release|Any CPU.Build.0 = Release|Any CPU
		{53C244A3-F760-49B0-A00B-95C2E1105808}.Debug|Any CPU.ActiveCfg = Debug|Any CPU
		{53C244A3-F760-49B0-A00B-95C2E1105808}.Debug|Any CPU.Build.0 = Debug|Any CPU
		{53C244A3-F760-49B0-A00B-95C2E1105808}.Release|Any CPU.ActiveCfg = Release|Any CPU
		{53C244A3-F760-49B0-A00B-95C2E1105808}.Release|Any CPU.Build.0 = Release|Any CPU
	EndGlobalSection
	GlobalSection(SolutionProperties) = preSolution
		HideSolutionNode = FALSE
	EndGlobalSection
	GlobalSection(ExtensibilityGlobals) = postSolution
		SolutionGuid = {4D7A9BB4-4B39-401D-BC73-2E1648FFA08C}
	EndGlobalSection
EndGlobal
